{
  "lockfileVersion": 1,
  "configVersion": 1,
  "workspaces": {
    "": {
      "name": "wsl-status-dashboard",
      "dependencies": {
        "echarts": "^6.1.0",
      },
    },
  },
  "packages": {
    "echarts": ["echarts@6.1.0", "", { "dependencies": { "tslib": "2.3.0", "zrender": "6.1.0" } }, "sha512-q0yaFPggC9FUdsWH4blavRWFmxdrIodbkoKNAjJudAI6CA9gNPxHtV2RcZNEepZVlk4yvBYkOkbk6HIVpIyHZA=="],

    "tslib": ["tslib@2.3.0", "", {}, "sha512-N82ooyxVNm6h1riLCoyS9e3fuJ3AMG2zIZs2Gd1ATcSFjSA23Q0fzjjZeh0jbJvWVDZ0cJT8yaNNaaXHzueNjg=="],

    "zrender": ["zrender@6.1.0", "", { "dependencies": { "tslib": "2.3.0" } }, "sha512-oEGMDB6pOP2S6OwRR4PdVv610zrjnA3Bh+JnSG12fYJlBKjtNAoEb5fSUoCOOINlH96I2fU38/A2UpRKs67xYQ=="],
  }
}
